
Microsoft Visual Studio Solution File, Format Version 12.00
# Visual Studio 17
VisualStudioVersion = 17.0.31903.59
MinimumVisualStudioVersion = 10.0.40219.1
Project("{FAE04EC0-301F-11D3-BF4B-00C04F79EFBC}") = "AsyncMediator", "AsyncMediator\AsyncMediator.csproj", "{678BC65B-8CFB-4F84-BFB3-1949C18F011B}"
EndProject
Project("{FAE04EC0-301F-11D3-BF4B-00C04F79EFBC}") = "AsyncMediator.Benchmarks", "AsyncMediator.Benchmarks\AsyncMediator.Benchmarks.csproj", "{F4E28627-6357-49EB-8A87-4D0957A31771}"
EndProject
Project("{FAE04EC0-301F-11D3-BF4B-00C04F79EFBC}") = "AsyncMediator.Tests", "AsyncMediator.Tests\AsyncMediator.Tests.csproj", "{5CBB38BD-DE30-40A0-8D7A-7ADE3EDFACEB}"
EndProject
Global
	GlobalSection(SolutionConfigurationPlatforms) = preSolution
		Debug|Any CPU = Debug|Any CPU
		Release|Any CPU = Release|Any CPU
	EndGlobalSection
	GlobalSection(ProjectConfigurationPlatforms) = postSolution
		{678BC65B-8CFB-4F84-BFB3-1949C18F011B}.Debug|Any CPU.ActiveCfg = Debug|Any CPU
		{678BC65B-8CFB-4F84-BFB3-1949C18F011B}.Debug|Any CPU.Build.0 = Debug|Any CPU
		{678BC65B-8CFB-4F84-BFB3-1949C18F011B}.Release|Any CPU.ActiveCfg = Release|Any CPU
		{678BC65B-8CFB-4F84-BFB3-1949C18F011B}.Release|Any CPU.Build.0 = Release|Any CPU
		{F4E28627-6357-49EB-8A87-4D0957A31771}.Debug|Any CPU.ActiveCfg = Debug|Any CPU
		{F4E28627-6357-49EB-8A87-4D0957A31771}.Debug|Any CPU.Build.0 = Debug|Any CPU
		{F4E28627-6357-49EB-8A87-4D0957A31771}.Release|Any CPU.ActiveCfg = Release|Any CPU
		{F4E28627-6357-49EB-8A87-4D0957A31771}.Release|Any CPU.Build.0 = Release|Any CPU
		{5CBB38BD-DE30-40A0-8D7A-7ADE3EDFACEB}.Debug|Any CPU.ActiveCfg = Debug|Any CPU
		{5CBB38BD-DE30-40A0-8D7A-7ADE3EDFACEB}.Debug|Any CPU.Build.0 = Debug|Any CPU
		{5CBB38BD-DE30-40A0-8D7A-7ADE3EDFACEB}.Release|Any CPU.ActiveCfg = Release|Any CPU
		{5CBB38BD-DE30-40A0-8D7A-7ADE3EDFACEB}.Release|Any CPU.Build.0 = Release|Any CPU
	EndGlobalSection
	GlobalSection(SolutionProperties) = preSolution
		HideSolutionNode = FALSE
	EndGlobalSection
EndGlobal
